
Microsoft Visual Studio Solution File, Format Version 12.00
# Visual Studio 15
VisualStudioVersion = 15.0.28307.271
MinimumVisualStudioVersion = 10.0.40219.1
Project("{FAE04EC0-301F-11D3-BF4B-00C04F79EFBC}") = "ADO.NET", "ADO.NET\ADO.NET.csproj", "{F016A0B0-46A4-4F89-B246-6737D8E99D59}"
EndProject
Project("{FAE04EC0-301F-11D3-BF4B-00C04F79EFBC}") = "Dominio", "Dominio\Dominio.csproj", "{DF705DB3-0567-4976-8D2F-1EF390AE614C}"
EndProject
Global
	GlobalSection(SolutionConfigurationPlatforms) = preSolution
		Debug|Any CPU = Debug|Any CPU
		Release|Any CPU = Release|Any CPU
	EndGlobalSection
	GlobalSection(ProjectConfigurationPlatforms) = postSolution
		{F016A0B0-46A4-4F89-B246-6737D8E99D59}.Debug|Any CPU.ActiveCfg = Debug|Any CPU
		{F016A0B0-46A4-4F89-B246-6737D8E99D59}.Debug|Any CPU.Build.0 = Debug|Any CPU
		{F016A0B0-46A4-4F89-B246-6737D8E99D59}.Release|Any CPU.ActiveCfg = Release|Any CPU
		{F016A0B0-46A4-4F89-B246-6737D8E99D59}.Release|Any CPU.Build.0 = Release|Any CPU
		{DF705DB3-0567-4976-8D2F-1EF390AE614C}.Debug|Any CPU.ActiveCfg = Debug|Any CPU
		{DF705DB3-0567-4976-8D2F-1EF390AE614C}.Debug|Any CPU.Build.0 = Debug|Any CPU
		{DF705DB3-0567-4976-8D2F-1EF390AE614C}.Release|Any CPU.ActiveCfg = Release|Any CPU
		{DF705DB3-0567-4976-8D2F-1EF390AE614C}.Release|Any CPU.Build.0 = Release|Any CPU
	EndGlobalSection
	GlobalSection(SolutionProperties) = preSolution
		HideSolutionNode = FALSE
	EndGlobalSection
	GlobalSection(ExtensibilityGlobals) = postSolution
		SolutionGuid = {DD5AD978-6AD8-43F1-A373-C5E34AE8705C}
	EndGlobalSection
EndGlobal
